NeoBundleLock emmet-vim 76285f8ec456a8c0d01ea0fa9d0b757c7eb0bab3
NeoBundleLock indentLine 15aceda8c4eea621b66faa8673fca0b9fbe2f457
NeoBundleLock neobundle.vim 1306c131ff0a6cc094b7ff0727350e442b5427f1
NeoBundleLock neocomplete.vim 0f83788cb67e0743a3a9c8d3a3a6e52a01bdc6c2
NeoBundleLock neosnippet 70f855d93c4bc727873c42111432660cf6929cdc
NeoBundleLock neosnippet-snippets 66abcb7de82a45be6ba8b669d5e7bdca51deafdd
NeoBundleLock vim-colors-solarized 528a59f26d12278698bb946f8fb82a63711eec21
